PODS:
  - PubNub (4.5.3):
    - PubNub/Core (= 4.5.3)
  - PubNub/Core (4.5.3)

DEPENDENCIES:
  - PubNub (from `https://github.com/pubnub/objective-c.git`, branch `feature/pt131200927`)

EXTERNAL SOURCES:
  PubNub:
    :branch: feature/pt131200927
    :git: https://github.com/pubnub/objective-c.git

CHECKOUT OPTIONS:
  PubNub:
    :commit: 284027952655e5e0ec03981f14d3e26ddd0a58b4
    :git: https://github.com/pubnub/objective-c.git

SPEC CHECKSUMS:
  PubNub: 42623b6046ab65bb2ec9c4fb51791d86aa956926

PODFILE CHECKSUM: 36777c51b4d7011869dfce3104fa06fd2aba9c73

COCOAPODS: 1.0.1
