// !$*UTF8*$!
{
	archiveVersion = 1;
	classes = {
	};
	objectVersion = 46;
	objects = {

/* Begin PBXBuildFile section */
		513FD8D91E424B8400ADEC31 /* Interface.storyboard in Resources */ = {isa = PBXBuildFile; fileRef = 513FD8D71E424B8400ADEC31 /* Interface.storyboard */; };
		513FD8DB1E424B8400ADEC31 /* Assets.xcassets in Resources */ = {isa = PBXBuildFile; fileRef = 513FD8DA1E424B8400ADEC31 /* Assets.xcassets */; };
		513FD8E21E424B8400ADEC31 /* PubNubWatchExtension Extension.appex in Embed App Extensions */ = {isa = PBXBuildFile; fileRef = 513FD8E11E424B8400ADEC31 /* PubNubWatchExtension Extension.appex */; settings = {ATTRIBUTES = (RemoveHeadersOnCopy, ); }; };
		513FD8E71E424B8400ADEC31 /* InterfaceController.swift in Sources */ = {isa = PBXBuildFile; fileRef = 513FD8E61E424B8400ADEC31 /* InterfaceController.swift */; };
		513FD8E91E424B8400ADEC31 /* ExtensionDelegate.swift in Sources */ = {isa = PBXBuildFile; fileRef = 513FD8E81E424B8400ADEC31 /* ExtensionDelegate.swift */; };
		513FD8EB1E424B8400ADEC31 /* Assets.xcassets in Resources */ = {isa = PBXBuildFile; fileRef = 513FD8EA1E424B8400ADEC31 /* Assets.xcassets */; };
		513FD8EF1E424B8400ADEC31 /* PubNubWatchExtension.app in Embed Watch Content */ = {isa = PBXBuildFile; fileRef = 513FD8D51E424B8400ADEC31 /* PubNubWatchExtension.app */; };
		51B0E68D1E45374C00E6AA76 /* ImageHandler.swift in Sources */ = {isa = PBXBuildFile; fileRef = 51B0E68C1E45374C00E6AA76 /* ImageHandler.swift */; };
		51B0E68E1E45389500E6AA76 /* ImageHandler.swift in Sources */ = {isa = PBXBuildFile; fileRef = 51B0E68C1E45374C00E6AA76 /* ImageHandler.swift */; };
		51B0E6901E453DA900E6AA76 /* apple-watch-pubnub.png in Resources */ = {isa = PBXBuildFile; fileRef = 51B0E68F1E453DA900E6AA76 /* apple-watch-pubnub.png */; };
		51E075C81D99C4EF0078218C /* AppDelegate.swift in Sources */ = {isa = PBXBuildFile; fileRef = 51E075C71D99C4EF0078218C /* AppDelegate.swift */; };
		51E075CA1D99C4EF0078218C /* ViewController.swift in Sources */ = {isa = PBXBuildFile; fileRef = 51E075C91D99C4EF0078218C /* ViewController.swift */; };
		51E075CD1D99C4EF0078218C /* Main.storyboard in Resources */ = {isa = PBXBuildFile; fileRef = 51E075CB1D99C4EF0078218C /* Main.storyboard */; };
		51E075D01D99C4EF0078218C /* ExtensionApp.xcdatamodeld in Sources */ = {isa = PBXBuildFile; fileRef = 51E075CE1D99C4EF0078218C /* ExtensionApp.xcdatamodeld */; };
		51E075D21D99C4EF0078218C /* Assets.xcassets in Resources */ = {isa = PBXBuildFile; fileRef = 51E075D11D99C4EF0078218C /* Assets.xcassets */; };
		51E075D51D99C4EF0078218C /* LaunchScreen.storyboard in Resources */ = {isa = PBXBuildFile; fileRef = 51E075D31D99C4EF0078218C /* LaunchScreen.storyboard */; };
		51E075E01D99C4EF0078218C /* ExtensionAppTests.swift in Sources */ = {isa = PBXBuildFile; fileRef = 51E075DF1D99C4EF0078218C /* ExtensionAppTests.swift */; };
		51E075EB1D99C4EF0078218C /* ExtensionAppUITests.swift in Sources */ = {isa = PBXBuildFile; fileRef = 51E075EA1D99C4EF0078218C /* ExtensionAppUITests.swift */; };
		51E075FF1D99C5290078218C /* ShareViewController.swift in Sources */ = {isa = PBXBuildFile; fileRef = 51E075FE1D99C5290078218C /* ShareViewController.swift */; };
		51E076021D99C5290078218C /* MainInterface.storyboard in Resources */ = {isa = PBXBuildFile; fileRef = 51E076001D99C5290078218C /* MainInterface.storyboard */; };
		51E076061D99C5290078218C /* PubNubShareExtension.appex in Embed App Extensions */ = {isa = PBXBuildFile; fileRef = 51E075FC1D99C5290078218C /* PubNubShareExtension.appex */; settings = {ATTRIBUTES = (RemoveHeadersOnCopy, ); }; };
		7D7420D307999425787ABB73 /* Pods_PubNubShareExtension.framework in Frameworks */ = {isa = PBXBuildFile; fileRef = EB86C95ACD4F9CF2D2FCC8DC /* Pods_PubNubShareExtension.framework */; };
		A479EB8A0697B5B674BD22ED /* Pods_PubNubWatchExtension_Extension.framework in Frameworks */ = {isa = PBXBuildFile; fileRef = 9DA6A963E921C17FD02CD35C /* Pods_PubNubWatchExtension_Extension.framework */; };
		DDC29B051BF02A7C76803BDF /* Pods_ExtensionApp.framework in Frameworks */ = {isa = PBXBuildFile; fileRef = 06EDAAE7E259905CA29802DD /* Pods_ExtensionApp.framework */; };
/* End PBXBuildFile section */

/* Begin PBXContainerItemProxy section */
		513FD8E31E424B8400ADEC31 /* PBXContainerItemProxy */ = {
			isa = PBXContainerItemProxy;
			containerPortal = 51E075BC1D99C4EF0078218C /* Project object */;
			proxyType = 1;
			remoteGlobalIDString = 513FD8E01E424B8400ADEC31;
			remoteInfo = "PubNubWatchExtension Extension";
		};
		513FD8ED1E424B8400ADEC31 /* PBXContainerItemProxy */ = {
			isa = PBXContainerItemProxy;
			containerPortal = 51E075BC1D99C4EF0078218C /* Project object */;
			proxyType = 1;
			remoteGlobalIDString = 513FD8D41E424B8400ADEC31;
			remoteInfo = PubNubWatchExtension;
		};
		51E075DC1D99C4EF0078218C /* PBXContainerItemProxy */ = {
			isa = PBXContainerItemProxy;
			containerPortal = 51E075BC1D99C4EF0078218C /* Project object */;
			proxyType = 1;
			remoteGlobalIDString = 51E075C31D99C4EF0078218C;
			remoteInfo = ExtensionApp;
		};
		51E075E71D99C4EF0078218C /* PBXContainerItemProxy */ = {
			isa = PBXContainerItemProxy;
			containerPortal = 51E075BC1D99C4EF0078218C /* Project object */;
			proxyType = 1;
			remoteGlobalIDString = 51E075C31D99C4EF0078218C;
			remoteInfo = ExtensionApp;
		};
		51E076041D99C5290078218C /* PBXContainerItemProxy */ = {
			isa = PBXContainerItemProxy;
			containerPortal = 51E075BC1D99C4EF0078218C /* Project object */;
			proxyType = 1;
			remoteGlobalIDString = 51E075FB1D99C5290078218C;
			remoteInfo = PubNubShareExtension;
		};
/* End PBXContainerItemProxy section */

/* Begin PBXCopyFilesBuildPhase section */
		513FD8F51E424B8400ADEC31 /* Embed App Extensions */ = {
			isa = PBXCopyFilesBuildPhase;
			buildActionMask = 2147483647;
			dstPath = "";
			dstSubfolderSpec = 13;
			files = (
				513FD8E21E424B8400ADEC31 /* PubNubWatchExtension Extension.appex in Embed App Extensions */,
			);
			name = "Embed App Extensions";
			runOnlyForDeploymentPostprocessing = 0;
		};
		513FD8F71E424B8400ADEC31 /* Embed Watch Content */ = {
			isa = PBXCopyFilesBuildPhase;
			buildActionMask = 2147483647;
			dstPath = "$(CONTENTS_FOLDER_PATH)/Watch";
			dstSubfolderSpec = 16;
			files = (
				513FD8EF1E424B8400ADEC31 /* PubNubWatchExtension.app in Embed Watch Content */,
			);
			name = "Embed Watch Content";
			runOnlyForDeploymentPostprocessing = 0;
		};
		51E0760A1D99C5290078218C /* Embed App Extensions */ = {
			isa = PBXCopyFilesBuildPhase;
			buildActionMask = 2147483647;
			dstPath = "";
			dstSubfolderSpec = 13;
			files = (
				51E076061D99C5290078218C /* PubNubShareExtension.appex in Embed App Extensions */,
			);
			name = "Embed App Extensions";
			runOnlyForDeploymentPostprocessing = 0;
		};
/* End PBXCopyFilesBuildPhase section */

/* Begin PBXFileReference section */
		06EDAAE7E259905CA29802DD /* Pods_ExtensionApp.framework */ = {isa = PBXFileReference; explicitFileType = wrapper.framework; includeInIndex = 0; path = Pods_ExtensionApp.framework; sourceTree = BUILT_PRODUCTS_DIR; };
		2108871F43A0A4091740AB1E /* Pods-PubNubWatchExtension Extension.debug.xcconfig */ = {isa = PBXFileReference; includeInIndex = 1; lastKnownFileType = text.xcconfig; name = "Pods-PubNubWatchExtension Extension.debug.xcconfig"; path = "../Pods/Target Support Files/Pods-PubNubWatchExtension Extension/Pods-PubNubWatchExtension Extension.debug.xcconfig"; sourceTree = "<group>"; };
		23A607B1637B1A7AD6F72DDE /* Pods-PubNubShareExtension.release.xcconfig */ = {isa = PBXFileReference; includeInIndex = 1; lastKnownFileType = text.xcconfig; name = "Pods-PubNubShareExtension.release.xcconfig"; path = "../Pods/Target Support Files/Pods-PubNubShareExtension/Pods-PubNubShareExtension.release.xcconfig"; sourceTree = "<group>"; };
		35E069F91FF1D531309C8D5D /* Pods_PubNubWatchExtension.framework */ = {isa = PBXFileReference; explicitFileType = wrapper.framework; includeInIndex = 0; path = Pods_PubNubWatchExtension.framework; sourceTree = BUILT_PRODUCTS_DIR; };
		513FD8D51E424B8400ADEC31 /* PubNubWatchExtension.app */ = {isa = PBXFileReference; explicitFileType = wrapper.application; includeInIndex = 0; path = PubNubWatchExtension.app; sourceTree = BUILT_PRODUCTS_DIR; };
		513FD8D81E424B8400ADEC31 /* Base */ = {isa = PBXFileReference; lastKnownFileType = file.storyboard; name = Base; path = Base.lproj/Interface.storyboard; sourceTree = "<group>"; };
		513FD8DA1E424B8400ADEC31 /* Assets.xcassets */ = {isa = PBXFileReference; lastKnownFileType = folder.assetcatalog; path = Assets.xcassets; sourceTree = "<group>"; };
		513FD8DC1E424B8400ADEC31 /* Info.plist */ = {isa = PBXFileReference; lastKnownFileType = text.plist.xml; path = Info.plist; sourceTree = "<group>"; };
		513FD8E11E424B8400ADEC31 /* PubNubWatchExtension Extension.appex */ = {isa = PBXFileReference; explicitFileType = "wrapper.app-extension"; includeInIndex = 0; path = "PubNubWatchExtension Extension.appex"; sourceTree = BUILT_PRODUCTS_DIR; };
		513FD8E61E424B8400ADEC31 /* InterfaceController.swift */ = {isa = PBXFileReference; lastKnownFileType = sourcecode.swift; path = InterfaceController.swift; sourceTree = "<group>"; };
		513FD8E81E424B8400ADEC31 /* ExtensionDelegate.swift */ = {isa = PBXFileReference; lastKnownFileType = sourcecode.swift; path = ExtensionDelegate.swift; sourceTree = "<group>"; };
		513FD8EA1E424B8400ADEC31 /* Assets.xcassets */ = {isa = PBXFileReference; lastKnownFileType = folder.assetcatalog; path = Assets.xcassets; sourceTree = "<group>"; };
		513FD8EC1E424B8400ADEC31 /* Info.plist */ = {isa = PBXFileReference; lastKnownFileType = text.plist.xml; path = Info.plist; sourceTree = "<group>"; };
		513FD8F81E4250FE00ADEC31 /* PubNubWatchExtension Extension.entitlements */ = {isa = PBXFileReference; lastKnownFileType = text.plist.entitlements; path = "PubNubWatchExtension Extension.entitlements"; sourceTree = "<group>"; };
		51B0E68C1E45374C00E6AA76 /* ImageHandler.swift */ = {isa = PBXFileReference; fileEncoding = 4; lastKnownFileType = sourcecode.swift; name = ImageHandler.swift; path = ../PubNubShareExtension/ImageHandler.swift; sourceTree = "<group>"; };
		51B0E68F1E453DA900E6AA76 /* apple-watch-pubnub.png */ = {isa = PBXFileReference; lastKnownFileType = image.png; path = "apple-watch-pubnub.png"; sourceTree = "<group>"; };
		51C0AAA41D9F2BAE00CE34D8 /* ExtensionApp.entitlements */ = {isa = PBXFileReference; lastKnownFileType = text.plist.entitlements; path = ExtensionApp.entitlements; sourceTree = "<group>"; };
		51E075C41D99C4EF0078218C /* ExtensionApp.app */ = {isa = PBXFileReference; explicitFileType = wrapper.application; includeInIndex = 0; path = ExtensionApp.app; sourceTree = BUILT_PRODUCTS_DIR; };
		51E075C71D99C4EF0078218C /* AppDelegate.swift */ = {isa = PBXFileReference; lastKnownFileType = sourcecode.swift; path = AppDelegate.swift; sourceTree = "<group>"; };
		51E075C91D99C4EF0078218C /* ViewController.swift */ = {isa = PBXFileReference; lastKnownFileType = sourcecode.swift; path = ViewController.swift; sourceTree = "<group>"; };
		51E075CC1D99C4EF0078218C /* Base */ = {isa = PBXFileReference; lastKnownFileType = file.storyboard; name = Base; path = Base.lproj/Main.storyboard; sourceTree = "<group>"; };
		51E075CF1D99C4EF0078218C /* ExtensionApp.xcdatamodel */ = {isa = PBXFileReference; lastKnownFileType = wrapper.xcdatamodel; path = ExtensionApp.xcdatamodel; sourceTree = "<group>"; };
		51E075D11D99C4EF0078218C /* Assets.xcassets */ = {isa = PBXFileReference; lastKnownFileType = folder.assetcatalog; path = Assets.xcassets; sourceTree = "<group>"; };
		51E075D41D99C4EF0078218C /* Base */ = {isa = PBXFileReference; lastKnownFileType = file.storyboard; name = Base; path = Base.lproj/LaunchScreen.storyboard; sourceTree = "<group>"; };
		51E075D61D99C4EF0078218C /* Info.plist */ = {isa = PBXFileReference; lastKnownFileType = text.plist.xml; path = Info.plist; sourceTree = "<group>"; };
		51E075DB1D99C4EF0078218C /* ExtensionAppTests.xctest */ = {isa = PBXFileReference; explicitFileType = wrapper.cfbundle; includeInIndex = 0; path = ExtensionAppTests.xctest; sourceTree = BUILT_PRODUCTS_DIR; };
		51E075DF1D99C4EF0078218C /* ExtensionAppTests.swift */ = {isa = PBXFileReference; lastKnownFileType = sourcecode.swift; path = ExtensionAppTests.swift; sourceTree = "<group>"; };
		51E075E11D99C4EF0078218C /* Info.plist */ = {isa = PBXFileReference; lastKnownFileType = text.plist.xml; path = Info.plist; sourceTree = "<group>"; };
		51E075E61D99C4EF0078218C /* ExtensionAppUITests.xctest */ = {isa = PBXFileReference; explicitFileType = wrapper.cfbundle; includeInIndex = 0; path = ExtensionAppUITests.xctest; sourceTree = BUILT_PRODUCTS_DIR; };
		51E075EA1D99C4EF0078218C /* ExtensionAppUITests.swift */ = {isa = PBXFileReference; lastKnownFileType = sourcecode.swift; path = ExtensionAppUITests.swift; sourceTree = "<group>"; };
		51E075EC1D99C4EF0078218C /* Info.plist */ = {isa = PBXFileReference; lastKnownFileType = text.plist.xml; path = Info.plist; sourceTree = "<group>"; };
		51E075FC1D99C5290078218C /* PubNubShareExtension.appex */ = {isa = PBXFileReference; explicitFileType = "wrapper.app-extension"; includeInIndex = 0; path = PubNubShareExtension.appex; sourceTree = BUILT_PRODUCTS_DIR; };
		51E075FE1D99C5290078218C /* ShareViewController.swift */ = {isa = PBXFileReference; lastKnownFileType = sourcecode.swift; path = ShareViewController.swift; sourceTree = "<group>"; };
		51E076011D99C5290078218C /* Base */ = {isa = PBXFileReference; lastKnownFileType = file.storyboard; name = Base; path = Base.lproj/MainInterface.storyboard; sourceTree = "<group>"; };
		51E076031D99C5290078218C /* Info.plist */ = {isa = PBXFileReference; lastKnownFileType = text.plist.xml; path = Info.plist; sourceTree = "<group>"; };
		51E0760B1D99CE960078218C /* PubNubShareExtension.entitlements */ = {isa = PBXFileReference; lastKnownFileType = text.plist.entitlements; path = PubNubShareExtension.entitlements; sourceTree = "<group>"; };
		5F883AF17F90F7AA267D24A3 /* Pods-PubNubShareExtension.debug.xcconfig */ = {isa = PBXFileReference; includeInIndex = 1; lastKnownFileType = text.xcconfig; name = "Pods-PubNubShareExtension.debug.xcconfig"; path = "../Pods/Target Support Files/Pods-PubNubShareExtension/Pods-PubNubShareExtension.debug.xcconfig"; sourceTree = "<group>"; };
		69A16945775916250325C4BE /* Pods-ExtensionApp.release.xcconfig */ = {isa = PBXFileReference; includeInIndex = 1; lastKnownFileType = text.xcconfig; name = "Pods-ExtensionApp.release.xcconfig"; path = "../Pods/Target Support Files/Pods-ExtensionApp/Pods-ExtensionApp.release.xcconfig"; sourceTree = "<group>"; };
		8FD656626508DCD2D3ABF02C /* Pods-PubNubWatchExtension Extension.release.xcconfig */ = {isa = PBXFileReference; includeInIndex = 1; lastKnownFileType = text.xcconfig; name = "Pods-PubNubWatchExtension Extension.release.xcconfig"; path = "../Pods/Target Support Files/Pods-PubNubWatchExtension Extension/Pods-PubNubWatchExtension Extension.release.xcconfig"; sourceTree = "<group>"; };
		9DA6A963E921C17FD02CD35C /* Pods_PubNubWatchExtension_Extension.framework */ = {isa = PBXFileReference; explicitFileType = wrapper.framework; includeInIndex = 0; path = Pods_PubNubWatchExtension_Extension.framework; sourceTree = BUILT_PRODUCTS_DIR; };
		EB86C95ACD4F9CF2D2FCC8DC /* Pods_PubNubShareExtension.framework */ = {isa = PBXFileReference; explicitFileType = wrapper.framework; includeInIndex = 0; path = Pods_PubNubShareExtension.framework; sourceTree = BUILT_PRODUCTS_DIR; };
		F26D42EAE315ED536E190DB4 /* Pods-ExtensionApp.debug.xcconfig */ = {isa = PBXFileReference; includeInIndex = 1; lastKnownFileType = text.xcconfig; name = "Pods-ExtensionApp.debug.xcconfig"; path = "../Pods/Target Support Files/Pods-ExtensionApp/Pods-ExtensionApp.debug.xcconfig"; sourceTree = "<group>"; };
/* End PBXFileReference section */

/* Begin PBXFrameworksBuildPhase section */
		513FD8DE1E424B8400ADEC31 /* Frameworks */ = {
			isa = PBXFrameworksBuildPhase;
			buildActionMask = 2147483647;
			files = (
				A479EB8A0697B5B674BD22ED /* Pods_PubNubWatchExtension_Extension.framework in Frameworks */,
			);
			runOnlyForDeploymentPostprocessing = 0;
		};
		51E075C11D99C4EF0078218C /* Frameworks */ = {
			isa = PBXFrameworksBuildPhase;
			buildActionMask = 2147483647;
			files = (
				DDC29B051BF02A7C76803BDF /* Pods_ExtensionApp.framework in Frameworks */,
			);
			runOnlyForDeploymentPostprocessing = 0;
		};
		51E075D81D99C4EF0078218C /* Frameworks */ = {
			isa = PBXFrameworksBuildPhase;
			buildActionMask = 2147483647;
			files = (
			);
			runOnlyForDeploymentPostprocessing = 0;
		};
		51E075E31D99C4EF0078218C /* Frameworks */ = {
			isa = PBXFrameworksBuildPhase;
			buildActionMask = 2147483647;
			files = (
			);
			runOnlyForDeploymentPostprocessing = 0;
		};
		51E075F91D99C5290078218C /* Frameworks */ = {
			isa = PBXFrameworksBuildPhase;
			buildActionMask = 2147483647;
			files = (
				7D7420D307999425787ABB73 /* Pods_PubNubShareExtension.framework in Frameworks */,
			);
			runOnlyForDeploymentPostprocessing = 0;
		};
		C15ED8EF3F27F5159D87E63F /* Frameworks */ = {
			isa = PBXFrameworksBuildPhase;
			buildActionMask = 2147483647;
			files = (
			);
			runOnlyForDeploymentPostprocessing = 0;
		};
/* End PBXFrameworksBuildPhase section */

/* Begin PBXGroup section */
		0B9E65B33C8DB89330732E70 /* Pods */ = {
			isa = PBXGroup;
			children = (
				F26D42EAE315ED536E190DB4 /* Pods-ExtensionApp.debug.xcconfig */,
				69A16945775916250325C4BE /* Pods-ExtensionApp.release.xcconfig */,
				5F883AF17F90F7AA267D24A3 /* Pods-PubNubShareExtension.debug.xcconfig */,
				23A607B1637B1A7AD6F72DDE /* Pods-PubNubShareExtension.release.xcconfig */,
				2108871F43A0A4091740AB1E /* Pods-PubNubWatchExtension Extension.debug.xcconfig */,
				8FD656626508DCD2D3ABF02C /* Pods-PubNubWatchExtension Extension.release.xcconfig */,
			);
			name = Pods;
			sourceTree = "<group>";
		};
		513FD8D61E424B8400ADEC31 /* PubNubWatchExtension */ = {
			isa = PBXGroup;
			children = (
				513FD8D71E424B8400ADEC31 /* Interface.storyboard */,
				513FD8DA1E424B8400ADEC31 /* Assets.xcassets */,
				513FD8DC1E424B8400ADEC31 /* Info.plist */,
			);
			path = PubNubWatchExtension;
			sourceTree = "<group>";
		};
		513FD8E51E424B8400ADEC31 /* PubNubWatchExtension Extension */ = {
			isa = PBXGroup;
			children = (
				513FD8F81E4250FE00ADEC31 /* PubNubWatchExtension Extension.entitlements */,
				513FD8E61E424B8400ADEC31 /* InterfaceController.swift */,
				513FD8E81E424B8400ADEC31 /* ExtensionDelegate.swift */,
				51B0E68F1E453DA900E6AA76 /* apple-watch-pubnub.png */,
				513FD8EA1E424B8400ADEC31 /* Assets.xcassets */,
				513FD8EC1E424B8400ADEC31 /* Info.plist */,
			);
			path = "PubNubWatchExtension Extension";
			sourceTree = "<group>";
		};
		51B0E6911E45456300E6AA76 /* Shared */ = {
			isa = PBXGroup;
			children = (
				51B0E68C1E45374C00E6AA76 /* ImageHandler.swift */,
			);
			name = Shared;
			path = ExtensionApp;
			sourceTree = "<group>";
		};
		51B0E6921E45457000E6AA76 /* Testing */ = {
			isa = PBXGroup;
			children = (
				51E075DE1D99C4EF0078218C /* ExtensionAppTests */,
				51E075E91D99C4EF0078218C /* ExtensionAppUITests */,
			);
			name = Testing;
			sourceTree = "<group>";
		};
		51B0E6931E45458700E6AA76 /* Watch */ = {
			isa = PBXGroup;
			children = (
				513FD8D61E424B8400ADEC31 /* PubNubWatchExtension */,
				513FD8E51E424B8400ADEC31 /* PubNubWatchExtension Extension */,
			);
			name = Watch;
			sourceTree = "<group>";
		};
		51E075BB1D99C4EF0078218C = {
			isa = PBXGroup;
			children = (
				51E075C61D99C4EF0078218C /* ExtensionApp */,
				51B0E6911E45456300E6AA76 /* Shared */,
				51E075FD1D99C5290078218C /* PubNubShareExtension */,
				51B0E6931E45458700E6AA76 /* Watch */,
				51B0E6921E45457000E6AA76 /* Testing */,
				51E075C51D99C4EF0078218C /* Products */,
				0B9E65B33C8DB89330732E70 /* Pods */,
				79C4D5F265156A44A99FB011 /* Frameworks */,
			);
			sourceTree = "<group>";
		};
		51E075C51D99C4EF0078218C /* Products */ = {
			isa = PBXGroup;
			children = (
				51E075C41D99C4EF0078218C /* ExtensionApp.app */,
				51E075DB1D99C4EF0078218C /* ExtensionAppTests.xctest */,
				51E075E61D99C4EF0078218C /* ExtensionAppUITests.xctest */,
				51E075FC1D99C5290078218C /* PubNubShareExtension.appex */,
				513FD8D51E424B8400ADEC31 /* PubNubWatchExtension.app */,
				513FD8E11E424B8400ADEC31 /* PubNubWatchExtension Extension.appex */,
			);
			name = Products;
			sourceTree = "<group>";
		};
		51E075C61D99C4EF0078218C /* ExtensionApp */ = {
			isa = PBXGroup;
			children = (
				51C0AAA41D9F2BAE00CE34D8 /* ExtensionApp.entitlements */,
				51E075C71D99C4EF0078218C /* AppDelegate.swift */,
				51E075C91D99C4EF0078218C /* ViewController.swift */,
				51E075CB1D99C4EF0078218C /* Main.storyboard */,
				51E075D11D99C4EF0078218C /* Assets.xcassets */,
				51E075D31D99C4EF0078218C /* LaunchScreen.storyboard */,
				51E075D61D99C4EF0078218C /* Info.plist */,
				51E075CE1D99C4EF0078218C /* ExtensionApp.xcdatamodeld */,
			);
			path = ExtensionApp;
			sourceTree = "<group>";
		};
		51E075DE1D99C4EF0078218C /* ExtensionAppTests */ = {
			isa = PBXGroup;
			children = (
				51E075DF1D99C4EF0078218C /* ExtensionAppTests.swift */,
				51E075E11D99C4EF0078218C /* Info.plist */,
			);
			path = ExtensionAppTests;
			sourceTree = "<group>";
		};
		51E075E91D99C4EF0078218C /* ExtensionAppUITests */ = {
			isa = PBXGroup;
			children = (
				51E075EA1D99C4EF0078218C /* ExtensionAppUITests.swift */,
				51E075EC1D99C4EF0078218C /* Info.plist */,
			);
			path = ExtensionAppUITests;
			sourceTree = "<group>";
		};
		51E075FD1D99C5290078218C /* PubNubShareExtension */ = {
			isa = PBXGroup;
			children = (
				51E0760B1D99CE960078218C /* PubNubShareExtension.entitlements */,
				51E075FE1D99C5290078218C /* ShareViewController.swift */,
				51E076001D99C5290078218C /* MainInterface.storyboard */,
				51E076031D99C5290078218C /* Info.plist */,
			);
			path = PubNubShareExtension;
			sourceTree = "<group>";
		};
		79C4D5F265156A44A99FB011 /* Frameworks */ = {
			isa = PBXGroup;
			children = (
				06EDAAE7E259905CA29802DD /* Pods_ExtensionApp.framework */,
				EB86C95ACD4F9CF2D2FCC8DC /* Pods_PubNubShareExtension.framework */,
				35E069F91FF1D531309C8D5D /* Pods_PubNubWatchExtension.framework */,
				9DA6A963E921C17FD02CD35C /* Pods_PubNubWatchExtension_Extension.framework */,
			);
			name = Frameworks;
			sourceTree = "<group>";
		};
/* End PBXGroup section */

/* Begin PBXNativeTarget section */
		513FD8D41E424B8400ADEC31 /* PubNubWatchExtension */ = {
			isa = PBXNativeTarget;
			buildConfigurationList = 513FD8F61E424B8400ADEC31 /* Build configuration list for PBXNativeTarget "PubNubWatchExtension" */;
			buildPhases = (
				513FD8D31E424B8400ADEC31 /* Resources */,
				513FD8F51E424B8400ADEC31 /* Embed App Extensions */,
				C15ED8EF3F27F5159D87E63F /* Frameworks */,
			);
			buildRules = (
			);
			dependencies = (
				513FD8E41E424B8400ADEC31 /* PBXTargetDependency */,
			);
			name = PubNubWatchExtension;
			productName = PubNubWatchExtension;
			productReference = 513FD8D51E424B8400ADEC31 /* PubNubWatchExtension.app */;
			productType = "com.apple.product-type.application.watchapp2";
		};
		513FD8E01E424B8400ADEC31 /* PubNubWatchExtension Extension */ = {
			isa = PBXNativeTarget;
			buildConfigurationList = 513FD8F41E424B8400ADEC31 /* Build configuration list for PBXNativeTarget "PubNubWatchExtension Extension" */;
			buildPhases = (
				8B8832008DEB2A9DBEE627FB /* [CP] Check Pods Manifest.lock */,
				513FD8DD1E424B8400ADEC31 /* Sources */,
				513FD8DE1E424B8400ADEC31 /* Frameworks */,
				513FD8DF1E424B8400ADEC31 /* Resources */,
				886E87A37C28CD9ACF82A07F /* [CP] Embed Pods Frameworks */,
				3ACC49965AC1807F9953C09F /* [CP] Copy Pods Resources */,
			);
			buildRules = (
			);
			dependencies = (
			);
			name = "PubNubWatchExtension Extension";
			productName = "PubNubWatchExtension Extension";
			productReference = 513FD8E11E424B8400ADEC31 /* PubNubWatchExtension Extension.appex */;
			productType = "com.apple.product-type.watchkit2-extension";
		};
		51E075C31D99C4EF0078218C /* ExtensionApp */ = {
			isa = PBXNativeTarget;
			buildConfigurationList = 51E075EF1D99C4EF0078218C /* Build configuration list for PBXNativeTarget "ExtensionApp" */;
			buildPhases = (
				0AD685E4BF0B327003CF1DA6 /* [CP] Check Pods Manifest.lock */,
				51E075C01D99C4EF0078218C /* Sources */,
				51E075C11D99C4EF0078218C /* Frameworks */,
				51E075C21D99C4EF0078218C /* Resources */,
				51E0760A1D99C5290078218C /* Embed App Extensions */,
				7E4BE9032D6ED785B2970DBC /* [CP] Embed Pods Frameworks */,
				D7DCFC242080DF9A5B0A40D2 /* [CP] Copy Pods Resources */,
				513FD8F71E424B8400ADEC31 /* Embed Watch Content */,
			);
			buildRules = (
			);
			dependencies = (
				51E076051D99C5290078218C /* PBXTargetDependency */,
				513FD8EE1E424B8400ADEC31 /* PBXTargetDependency */,
			);
			name = ExtensionApp;
			productName = ExtensionApp;
			productReference = 51E075C41D99C4EF0078218C /* ExtensionApp.app */;
			productType = "com.apple.product-type.application";
		};
		51E075DA1D99C4EF0078218C /* ExtensionAppTests */ = {
			isa = PBXNativeTarget;
			buildConfigurationList = 51E075F21D99C4EF0078218C /* Build configuration list for PBXNativeTarget "ExtensionAppTests" */;
			buildPhases = (
				51E075D71D99C4EF0078218C /* Sources */,
				51E075D81D99C4EF0078218C /* Frameworks */,
				51E075D91D99C4EF0078218C /* Resources */,
			);
			buildRules = (
			);
			dependencies = (
				51E075DD1D99C4EF0078218C /* PBXTargetDependency */,
			);
			name = ExtensionAppTests;
			productName = ExtensionAppTests;
			productReference = 51E075DB1D99C4EF0078218C /* ExtensionAppTests.xctest */;
			productType = "com.apple.product-type.bundle.unit-test";
		};
		51E075E51D99C4EF0078218C /* ExtensionAppUITests */ = {
			isa = PBXNativeTarget;
			buildConfigurationList = 51E075F51D99C4EF0078218C /* Build configuration list for PBXNativeTarget "ExtensionAppUITests" */;
			buildPhases = (
				51E075E21D99C4EF0078218C /* Sources */,
				51E075E31D99C4EF0078218C /* Frameworks */,
				51E075E41D99C4EF0078218C /* Resources */,
			);
			buildRules = (
			);
			dependencies = (
				51E075E81D99C4EF0078218C /* PBXTargetDependency */,
			);
			name = ExtensionAppUITests;
			productName = ExtensionAppUITests;
			productReference = 51E075E61D99C4EF0078218C /* ExtensionAppUITests.xctest */;
			productType = "com.apple.product-type.bundle.ui-testing";
		};
		51E075FB1D99C5290078218C /* PubNubShareExtension */ = {
			isa = PBXNativeTarget;
			buildConfigurationList = 51E076071D99C5290078218C /* Build configuration list for PBXNativeTarget "PubNubShareExtension" */;
			buildPhases = (
				C4552E65A2B0B78306DC0537 /* [CP] Check Pods Manifest.lock */,
				51E075F81D99C5290078218C /* Sources */,
				51E075F91D99C5290078218C /* Frameworks */,
				51E075FA1D99C5290078218C /* Resources */,
				3999D277232ACD7F76D0A303 /* [CP] Copy Pods Resources */,
			);
			buildRules = (
			);
			dependencies = (
			);
			name = PubNubShareExtension;
			productName = PubNubShareExtension;
			productReference = 51E075FC1D99C5290078218C /* PubNubShareExtension.appex */;
			productType = "com.apple.product-type.app-extension";
		};
/* End PBXNativeTarget section */

/* Begin PBXProject section */
		51E075BC1D99C4EF0078218C /* Project object */ = {
			isa = PBXProject;
			attributes = {
				LastSwiftUpdateCheck = 0820;
				LastUpgradeCheck = 0800;
				ORGANIZATIONNAME = "Jordan Zucker";
				TargetAttributes = {
					513FD8D41E424B8400ADEC31 = {
						CreatedOnToolsVersion = 8.2.1;
						ProvisioningStyle = Automatic;
					};
					513FD8E01E424B8400ADEC31 = {
						CreatedOnToolsVersion = 8.2.1;
						DevelopmentTeam = 8XP4D6N55Z;
						ProvisioningStyle = Automatic;
						SystemCapabilities = {
							com.apple.ApplicationGroups.iOS = {
								enabled = 1;
							};
							com.apple.BackgroundModes.watchos.extension = {
								enabled = 0;
							};
						};
					};
					51E075C31D99C4EF0078218C = {
						CreatedOnToolsVersion = 8.0;
						ProvisioningStyle = Automatic;
						SystemCapabilities = {
							com.apple.ApplicationGroups.iOS = {
								enabled = 1;
							};
						};
					};
					51E075DA1D99C4EF0078218C = {
						CreatedOnToolsVersion = 8.0;
						ProvisioningStyle = Automatic;
						TestTargetID = 51E075C31D99C4EF0078218C;
					};
					51E075E51D99C4EF0078218C = {
						CreatedOnToolsVersion = 8.0;
						ProvisioningStyle = Automatic;
						TestTargetID = 51E075C31D99C4EF0078218C;
					};
					51E075FB1D99C5290078218C = {
						CreatedOnToolsVersion = 8.0;
						ProvisioningStyle = Automatic;
						SystemCapabilities = {
							com.apple.ApplicationGroups.iOS = {
								enabled = 1;
							};
						};
					};
				};
			};
			buildConfigurationList = 51E075BF1D99C4EF0078218C /* Build configuration list for PBXProject "ExtensionApp" */;
			compatibilityVersion = "Xcode 3.2";
			developmentRegion = English;
			hasScannedForEncodings = 0;
			knownRegions = (
				en,
				Base,
			);
			mainGroup = 51E075BB1D99C4EF0078218C;
			productRefGroup = 51E075C51D99C4EF0078218C /* Products */;
			projectDirPath = "";
			projectRoot = "";
			targets = (
				51E075C31D99C4EF0078218C /* ExtensionApp */,
				51E075DA1D99C4EF0078218C /* ExtensionAppTests */,
				51E075E51D99C4EF0078218C /* ExtensionAppUITests */,
				51E075FB1D99C5290078218C /* PubNubShareExtension */,
				513FD8D41E424B8400ADEC31 /* PubNubWatchExtension */,
				513FD8E01E424B8400ADEC31 /* PubNubWatchExtension Extension */,
			);
		};
/* End PBXProject section */

/* Begin PBXResourcesBuildPhase section */
		513FD8D31E424B8400ADEC31 /* Resources */ = {
			isa = PBXResourcesBuildPhase;
			buildActionMask = 2147483647;
			files = (
				513FD8DB1E424B8400ADEC31 /* Assets.xcassets in Resources */,
				513FD8D91E424B8400ADEC31 /* Interface.storyboard in Resources */,
			);
			runOnlyForDeploymentPostprocessing = 0;
		};
		513FD8DF1E424B8400ADEC31 /* Resources */ = {
			isa = PBXResourcesBuildPhase;
			buildActionMask = 2147483647;
			files = (
				51B0E6901E453DA900E6AA76 /* apple-watch-pubnub.png in Resources */,
				513FD8EB1E424B8400ADEC31 /* Assets.xcassets in Resources */,
			);
			runOnlyForDeploymentPostprocessing = 0;
		};
		51E075C21D99C4EF0078218C /* Resources */ = {
			isa = PBXResourcesBuildPhase;
			buildActionMask = 2147483647;
			files = (
				51E075D51D99C4EF0078218C /* LaunchScreen.storyboard in Resources */,
				51E075D21D99C4EF0078218C /* Assets.xcassets in Resources */,
				51E075CD1D99C4EF0078218C /* Main.storyboard in Resources */,
			);
			runOnlyForDeploymentPostprocessing = 0;
		};
		51E075D91D99C4EF0078218C /* Resources */ = {
			isa = PBXResourcesBuildPhase;
			buildActionMask = 2147483647;
			files = (
			);
			runOnlyForDeploymentPostprocessing = 0;
		};
		51E075E41D99C4EF0078218C /* Resources */ = {
			isa = PBXResourcesBuildPhase;
			buildActionMask = 2147483647;
			files = (
			);
			runOnlyForDeploymentPostprocessing = 0;
		};
		51E075FA1D99C5290078218C /* Resources */ = {
			isa = PBXResourcesBuildPhase;
			buildActionMask = 2147483647;
			files = (
				51E076021D99C5290078218C /* MainInterface.storyboard in Resources */,
			);
			runOnlyForDeploymentPostprocessing = 0;
		};
/* End PBXResourcesBuildPhase section */

/* Begin PBXShellScriptBuildPhase section */
		0AD685E4BF0B327003CF1DA6 /* [CP] Check Pods Manifest.lock */ = {
			isa = PBXShellScriptBuildPhase;
			buildActionMask = 2147483647;
			files = (
			);
			inputPaths = (
			);
			name = "[CP] Check Pods Manifest.lock";
			outputPaths = (
			);
			runOnlyForDeploymentPostprocessing = 0;
			shellPath = /bin/sh;
			shellScript = "diff \"${PODS_ROOT}/../Podfile.lock\" \"${PODS_ROOT}/Manifest.lock\" > /dev/null\nif [ $? != 0 ] ; then\n    # print error to STDERR\n    echo \"error: The sandbox is not in sync with the Podfile.lock. Run 'pod install' or update your CocoaPods installation.\" >&2\n    exit 1\nfi\n";
			showEnvVarsInLog = 0;
		};
		3999D277232ACD7F76D0A303 /* [CP] Copy Pods Resources */ = {
			isa = PBXShellScriptBuildPhase;
			buildActionMask = 2147483647;
			files = (
			);
			inputPaths = (
			);
			name = "[CP] Copy Pods Resources";
			outputPaths = (
			);
			runOnlyForDeploymentPostprocessing = 0;
			shellPath = /bin/sh;
			shellScript = "\"${SRCROOT}/../Pods/Target Support Files/Pods-PubNubShareExtension/Pods-PubNubShareExtension-resources.sh\"\n";
			showEnvVarsInLog = 0;
		};
		3ACC49965AC1807F9953C09F /* [CP] Copy Pods Resources */ = {
			isa = PBXShellScriptBuildPhase;
			buildActionMask = 2147483647;
			files = (
			);
			inputPaths = (
			);
			name = "[CP] Copy Pods Resources";
			outputPaths = (
			);
			runOnlyForDeploymentPostprocessing = 0;
			shellPath = /bin/sh;
			shellScript = "\"${SRCROOT}/../Pods/Target Support Files/Pods-PubNubWatchExtension Extension/Pods-PubNubWatchExtension Extension-resources.sh\"\n";
			showEnvVarsInLog = 0;
		};
		7E4BE9032D6ED785B2970DBC /* [CP] Embed Pods Frameworks */ = {
			isa = PBXShellScriptBuildPhase;
			buildActionMask = 2147483647;
			files = (
			);
			inputPaths = (
			);
			name = "[CP] Embed Pods Frameworks";
			outputPaths = (
			);
			runOnlyForDeploymentPostprocessing = 0;
			shellPath = /bin/sh;
			shellScript = "\"${SRCROOT}/../Pods/Target Support Files/Pods-ExtensionApp/Pods-ExtensionApp-frameworks.sh\"\n";
			showEnvVarsInLog = 0;
		};
		886E87A37C28CD9ACF82A07F /* [CP] Embed Pods Frameworks */ = {
			isa = PBXShellScriptBuildPhase;
			buildActionMask = 2147483647;
			files = (
			);
			inputPaths = (
			);
			name = "[CP] Embed Pods Frameworks";
			outputPaths = (
			);
			runOnlyForDeploymentPostprocessing = 0;
			shellPath = /bin/sh;
			shellScript = "\"${SRCROOT}/../Pods/Target Support Files/Pods-PubNubWatchExtension Extension/Pods-PubNubWatchExtension Extension-frameworks.sh\"\n";
			showEnvVarsInLog = 0;
		};
		8B8832008DEB2A9DBEE627FB /* [CP] Check Pods Manifest.lock */ = {
			isa = PBXShellScriptBuildPhase;
			buildActionMask = 2147483647;
			files = (
			);
			inputPaths = (
			);
			name = "[CP] Check Pods Manifest.lock";
			outputPaths = (
			);
			runOnlyForDeploymentPostprocessing = 0;
			shellPath = /bin/sh;
			shellScript = "diff \"${PODS_ROOT}/../Podfile.lock\" \"${PODS_ROOT}/Manifest.lock\" > /dev/null\nif [ $? != 0 ] ; then\n    # print error to STDERR\n    echo \"error: The sandbox is not in sync with the Podfile.lock. Run 'pod install' or update your CocoaPods installation.\" >&2\n    exit 1\nfi\n";
			showEnvVarsInLog = 0;
		};
		C4552E65A2B0B78306DC0537 /* [CP] Check Pods Manifest.lock */ = {
			isa = PBXShellScriptBuildPhase;
			buildActionMask = 2147483647;
			files = (
			);
			inputPaths = (
			);
			name = "[CP] Check Pods Manifest.lock";
			outputPaths = (
			);
			runOnlyForDeploymentPostprocessing = 0;
			shellPath = /bin/sh;
			shellScript = "diff \"${PODS_ROOT}/../Podfile.lock\" \"${PODS_ROOT}/Manifest.lock\" > /dev/null\nif [ $? != 0 ] ; then\n    # print error to STDERR\n    echo \"error: The sandbox is not in sync with the Podfile.lock. Run 'pod install' or update your CocoaPods installation.\" >&2\n    exit 1\nfi\n";
			showEnvVarsInLog = 0;
		};
		D7DCFC242080DF9A5B0A40D2 /* [CP] Copy Pods Resources */ = {
			isa = PBXShellScriptBuildPhase;
			buildActionMask = 2147483647;
			files = (
			);
			inputPaths = (
			);
			name = "[CP] Copy Pods Resources";
			outputPaths = (
			);
			runOnlyForDeploymentPostprocessing = 0;
			shellPath = /bin/sh;
			shellScript = "\"${SRCROOT}/../Pods/Target Support Files/Pods-ExtensionApp/Pods-ExtensionApp-resources.sh\"\n";
			showEnvVarsInLog = 0;
		};
/* End PBXShellScriptBuildPhase section */

/* Begin PBXSourcesBuildPhase section */
		513FD8DD1E424B8400ADEC31 /* Sources */ = {
			isa = PBXSourcesBuildPhase;
			buildActionMask = 2147483647;
			files = (
				513FD8E91E424B8400ADEC31 /* ExtensionDelegate.swift in Sources */,
				51B0E68E1E45389500E6AA76 /* ImageHandler.swift in Sources */,
				513FD8E71E424B8400ADEC31 /* InterfaceController.swift in Sources */,
			);
			runOnlyForDeploymentPostprocessing = 0;
		};
		51E075C01D99C4EF0078218C /* Sources */ = {
			isa = PBXSourcesBuildPhase;
			buildActionMask = 2147483647;
			files = (
				51E075D01D99C4EF0078218C /* ExtensionApp.xcdatamodeld in Sources */,
				51E075CA1D99C4EF0078218C /* ViewController.swift in Sources */,
				51E075C81D99C4EF0078218C /* AppDelegate.swift in Sources */,
			);
			runOnlyForDeploymentPostprocessing = 0;
		};
		51E075D71D99C4EF0078218C /* Sources */ = {
			isa = PBXSourcesBuildPhase;
			buildActionMask = 2147483647;
			files = (
				51E075E01D99C4EF0078218C /* ExtensionAppTests.swift in Sources */,
			);
			runOnlyForDeploymentPostprocessing = 0;
		};
		51E075E21D99C4EF0078218C /* Sources */ = {
			isa = PBXSourcesBuildPhase;
			buildActionMask = 2147483647;
			files = (
				51E075EB1D99C4EF0078218C /* ExtensionAppUITests.swift in Sources */,
			);
			runOnlyForDeploymentPostprocessing = 0;
		};
		51E075F81D99C5290078218C /* Sources */ = {
			isa = PBXSourcesBuildPhase;
			buildActionMask = 2147483647;
			files = (
				51B0E68D1E45374C00E6AA76 /* ImageHandler.swift in Sources */,
				51E075FF1D99C5290078218C /* ShareViewController.swift in Sources */,
			);
			runOnlyForDeploymentPostprocessing = 0;
		};
/* End PBXSourcesBuildPhase section */

/* Begin PBXTargetDependency section */
		513FD8E41E424B8400ADEC31 /* PBXTargetDependency */ = {
			isa = PBXTargetDependency;
			target = 513FD8E01E424B8400ADEC31 /* PubNubWatchExtension Extension */;
			targetProxy = 513FD8E31E424B8400ADEC31 /* PBXContainerItemProxy */;
		};
		513FD8EE1E424B8400ADEC31 /* PBXTargetDependency */ = {
			isa = PBXTargetDependency;
			target = 513FD8D41E424B8400ADEC31 /* PubNubWatchExtension */;
			targetProxy = 513FD8ED1E424B8400ADEC31 /* PBXContainerItemProxy */;
		};
		51E075DD1D99C4EF0078218C /* PBXTargetDependency */ = {
			isa = PBXTargetDependency;
			target = 51E075C31D99C4EF0078218C /* ExtensionApp */;
			targetProxy = 51E075DC1D99C4EF0078218C /* PBXContainerItemProxy */;
		};
		51E075E81D99C4EF0078218C /* PBXTargetDependency */ = {
			isa = PBXTargetDependency;
			target = 51E075C31D99C4EF0078218C /* ExtensionApp */;
			targetProxy = 51E075E71D99C4EF0078218C /* PBXContainerItemProxy */;
		};
		51E076051D99C5290078218C /* PBXTargetDependency */ = {
			isa = PBXTargetDependency;
			target = 51E075FB1D99C5290078218C /* PubNubShareExtension */;
			targetProxy = 51E076041D99C5290078218C /* PBXContainerItemProxy */;
		};
/* End PBXTargetDependency section */

/* Begin PBXVariantGroup section */
		513FD8D71E424B8400ADEC31 /* Interface.storyboard */ = {
			isa = PBXVariantGroup;
			children = (
				513FD8D81E424B8400ADEC31 /* Base */,
			);
			name = Interface.storyboard;
			sourceTree = "<group>";
		};
		51E075CB1D99C4EF0078218C /* Main.storyboard */ = {
			isa = PBXVariantGroup;
			children = (
				51E075CC1D99C4EF0078218C /* Base */,
			);
			name = Main.storyboard;
			sourceTree = "<group>";
		};
		51E075D31D99C4EF0078218C /* LaunchScreen.storyboard */ = {
			isa = PBXVariantGroup;
			children = (
				51E075D41D99C4EF0078218C /* Base */,
			);
			name = LaunchScreen.storyboard;
			sourceTree = "<group>";
		};
		51E076001D99C5290078218C /* MainInterface.storyboard */ = {
			isa = PBXVariantGroup;
			children = (
				51E076011D99C5290078218C /* Base */,
			);
			name = MainInterface.storyboard;
			sourceTree = "<group>";
		};
/* End PBXVariantGroup section */

/* Begin XCBuildConfiguration section */
		513FD8F01E424B8400ADEC31 /* Debug */ = {
			isa = XCBuildConfiguration;
			buildSettings = {
				ALWAYS_EMBED_SWIFT_STANDARD_LIBRARIES = YES;
				ASSETCATALOG_COMPILER_APPICON_NAME = AppIcon;
				CLANG_WARN_SUSPICIOUS_MOVE = YES;
				DEVELOPMENT_TEAM = "";
				IBSC_MODULE = PubNubWatchExtension_Extension;
				INFOPLIST_FILE = PubNubWatchExtension/Info.plist;
				PRODUCT_BUNDLE_IDENTIFIER = Stanera.ExtensionApp.watchkitapp;
				PRODUCT_NAME = "$(TARGET_NAME)";
				SDKROOT = watchos;
				SKIP_INSTALL = YES;
				SWIFT_VERSION = 3.0;
				TARGETED_DEVICE_FAMILY = 4;
				WATCHOS_DEPLOYMENT_TARGET = 3.1;
			};
			name = Debug;
		};
		513FD8F11E424B8400ADEC31 /* Release */ = {
			isa = XCBuildConfiguration;
			buildSettings = {
				ALWAYS_EMBED_SWIFT_STANDARD_LIBRARIES = YES;
				ASSETCATALOG_COMPILER_APPICON_NAME = AppIcon;
				CLANG_WARN_SUSPICIOUS_MOVE = YES;
				DEVELOPMENT_TEAM = "";
				IBSC_MODULE = PubNubWatchExtension_Extension;
				INFOPLIST_FILE = PubNubWatchExtension/Info.plist;
				PRODUCT_BUNDLE_IDENTIFIER = Stanera.ExtensionApp.watchkitapp;
				PRODUCT_NAME = "$(TARGET_NAME)";
				SDKROOT = watchos;
				SKIP_INSTALL = YES;
				SWIFT_VERSION = 3.0;
				TARGETED_DEVICE_FAMILY = 4;
				WATCHOS_DEPLOYMENT_TARGET = 3.1;
			};
			name = Release;
		};
		513FD8F21E424B8400ADEC31 /* Debug */ = {
			isa = XCBuildConfiguration;
			baseConfigurationReference = 2108871F43A0A4091740AB1E /* Pods-PubNubWatchExtension Extension.debug.xcconfig */;
			buildSettings = {
				ASSETCATALOG_COMPILER_COMPLICATION_NAME = Complication;
				CLANG_WARN_SUSPICIOUS_MOVE = YES;
				CODE_SIGN_ENTITLEMENTS = "PubNubWatchExtension Extension/PubNubWatchExtension Extension.entitlements";
				DEVELOPMENT_TEAM = 8XP4D6N55Z;
				INFOPLIST_FILE = "PubNubWatchExtension Extension/Info.plist";
				LD_RUNPATH_SEARCH_PATHS = "$(inherited) @executable_path/Frameworks @executable_path/../../Frameworks";
				PRODUCT_BUNDLE_IDENTIFIER = Stanera.ExtensionApp.watchkitapp.watchkitextension;
				PRODUCT_NAME = "${TARGET_NAME}";
				SDKROOT = watchos;
				SKIP_INSTALL = YES;
				SWIFT_VERSION = 3.0;
				TARGETED_DEVICE_FAMILY = 4;
				WATCHOS_DEPLOYMENT_TARGET = 3.1;
			};
			name = Debug;
		};
		513FD8F31E424B8400ADEC31 /* Release */ = {
			isa = XCBuildConfiguration;
			baseConfigurationReference = 8FD656626508DCD2D3ABF02C /* Pods-PubNubWatchExtension Extension.release.xcconfig */;
			buildSettings = {
				ASSETCATALOG_COMPILER_COMPLICATION_NAME = Complication;
				CLANG_WARN_SUSPICIOUS_MOVE = YES;
				CODE_SIGN_ENTITLEMENTS = "PubNubWatchExtension Extension/PubNubWatchExtension Extension.entitlements";
				DEVELOPMENT_TEAM = 8XP4D6N55Z;
				INFOPLIST_FILE = "PubNubWatchExtension Extension/Info.plist";
				LD_RUNPATH_SEARCH_PATHS = "$(inherited) @executable_path/Frameworks @executable_path/../../Frameworks";
				PRODUCT_BUNDLE_IDENTIFIER = Stanera.ExtensionApp.watchkitapp.watchkitextension;
				PRODUCT_NAME = "${TARGET_NAME}";
				SDKROOT = watchos;
				SKIP_INSTALL = YES;
				SWIFT_VERSION = 3.0;
				TARGETED_DEVICE_FAMILY = 4;
				WATCHOS_DEPLOYMENT_TARGET = 3.1;
			};
			name = Release;
		};
		51E075ED1D99C4EF0078218C /* Debug */ = {
			isa = XCBuildConfiguration;
			buildSettings = {
				ALWAYS_SEARCH_USER_PATHS = NO;
				CLANG_ANALYZER_NONNULL = YES;
				CLANG_CXX_LANGUAGE_STANDARD = "gnu++0x";
				CLANG_CXX_LIBRARY = "libc++";
				CLANG_ENABLE_MODULES = YES;
				CLANG_ENABLE_OBJC_ARC = YES;
				CLANG_WARN_BOOL_CONVERSION = YES;
				CLANG_WARN_CONSTANT_CONVERSION = YES;
				CLANG_WARN_DIRECT_OBJC_ISA_USAGE = YES_ERROR;
				CLANG_WARN_DOCUMENTATION_COMMENTS = YES;
				CLANG_WARN_EMPTY_BODY = YES;
				CLANG_WARN_ENUM_CONVERSION = YES;
				CLANG_WARN_INFINITE_RECURSION = YES;
				CLANG_WARN_INT_CONVERSION = YES;
				CLANG_WARN_OBJC_ROOT_CLASS = YES_ERROR;
				CLANG_WARN_SUSPICIOUS_MOVES = YES;
				CLANG_WARN_UNREACHABLE_CODE = YES;
				CLANG_WARN__DUPLICATE_METHOD_MATCH = YES;
				"CODE_SIGN_IDENTITY[sdk=iphoneos*]" = "iPhone Developer";
				COPY_PHASE_STRIP = NO;
				DEBUG_INFORMATION_FORMAT = dwarf;
				ENABLE_STRICT_OBJC_MSGSEND = YES;
				ENABLE_TESTABILITY = YES;
				GCC_C_LANGUAGE_STANDARD = gnu99;
				GCC_DYNAMIC_NO_PIC = NO;
				GCC_NO_COMMON_BLOCKS = YES;
				GCC_OPTIMIZATION_LEVEL = 0;
				GCC_PREPROCESSOR_DEFINITIONS = (
					"DEBUG=1",
					"$(inherited)",
				);
				GCC_WARN_64_TO_32_BIT_CONVERSION = YES;
				GCC_WARN_ABOUT_RETURN_TYPE = YES_ERROR;
				GCC_WARN_UNDECLARED_SELECTOR = YES;
				GCC_WARN_UNINITIALIZED_AUTOS = YES_AGGRESSIVE;
				GCC_WARN_UNUSED_FUNCTION = YES;
				GCC_WARN_UNUSED_VARIABLE = YES;
				IPHONEOS_DEPLOYMENT_TARGET = 10.0;
				MTL_ENABLE_DEBUG_INFO = YES;
				ONLY_ACTIVE_ARCH = YES;
				SDKROOT = iphoneos;
				SWIFT_ACTIVE_COMPILATION_CONDITIONS = DEBUG;
				SWIFT_OPTIMIZATION_LEVEL = "-Onone";
				TARGETED_DEVICE_FAMILY = "1,2";
			};
			name = Debug;
		};
		51E075EE1D99C4EF0078218C /* Release */ = {
			isa = XCBuildConfiguration;
			buildSettings = {
				ALWAYS_SEARCH_USER_PATHS = NO;
				CLANG_ANALYZER_NONNULL = YES;
				CLANG_CXX_LANGUAGE_STANDARD = "gnu++0x";
				CLANG_CXX_LIBRARY = "libc++";
				CLANG_ENABLE_MODULES = YES;
				CLANG_ENABLE_OBJC_ARC = YES;
				CLANG_WARN_BOOL_CONVERSION = YES;
				CLANG_WARN_CONSTANT_CONVERSION = YES;
				CLANG_WARN_DIRECT_OBJC_ISA_USAGE = YES_ERROR;
				CLANG_WARN_DOCUMENTATION_COMMENTS = YES;
				CLANG_WARN_EMPTY_BODY = YES;
				CLANG_WARN_ENUM_CONVERSION = YES;
				CLANG_WARN_INFINITE_RECURSION = YES;
				CLANG_WARN_INT_CONVERSION = YES;
				CLANG_WARN_OBJC_ROOT_CLASS = YES_ERROR;
				CLANG_WARN_SUSPICIOUS_MOVES = YES;
				CLANG_WARN_UNREACHABLE_CODE = YES;
				CLANG_WARN__DUPLICATE_METHOD_MATCH = YES;
				"CODE_SIGN_IDENTITY[sdk=iphoneos*]" = "iPhone Developer";
				COPY_PHASE_STRIP = NO;
				DEBUG_INFORMATION_FORMAT = "dwarf-with-dsym";
				ENABLE_NS_ASSERTIONS = NO;
				ENABLE_STRICT_OBJC_MSGSEND = YES;
				GCC_C_LANGUAGE_STANDARD = gnu99;
				GCC_NO_COMMON_BLOCKS = YES;
				GCC_WARN_64_TO_32_BIT_CONVERSION = YES;
				GCC_WARN_ABOUT_RETURN_TYPE = YES_ERROR;
				GCC_WARN_UNDECLARED_SELECTOR = YES;
				GCC_WARN_UNINITIALIZED_AUTOS = YES_AGGRESSIVE;
				GCC_WARN_UNUSED_FUNCTION = YES;
				GCC_WARN_UNUSED_VARIABLE = YES;
				IPHONEOS_DEPLOYMENT_TARGET = 10.0;
				MTL_ENABLE_DEBUG_INFO = NO;
				SDKROOT = iphoneos;
				SWIFT_OPTIMIZATION_LEVEL = "-Owholemodule";
				TARGETED_DEVICE_FAMILY = "1,2";
				VALIDATE_PRODUCT = YES;
			};
			name = Release;
		};
		51E075F01D99C4EF0078218C /* Debug */ = {
			isa = XCBuildConfiguration;
			baseConfigurationReference = F26D42EAE315ED536E190DB4 /* Pods-ExtensionApp.debug.xcconfig */;
			buildSettings = {
				ALWAYS_EMBED_SWIFT_STANDARD_LIBRARIES = YES;
				ASSETCATALOG_COMPILER_APPICON_NAME = AppIcon;
				CODE_SIGN_ENTITLEMENTS = ExtensionApp/ExtensionApp.entitlements;
				DEVELOPMENT_TEAM = "";
				INFOPLIST_FILE = ExtensionApp/Info.plist;
				LD_RUNPATH_SEARCH_PATHS = "$(inherited) @executable_path/Frameworks";
				PRODUCT_BUNDLE_IDENTIFIER = Stanera.ExtensionApp;
				PRODUCT_NAME = "$(TARGET_NAME)";
				SWIFT_VERSION = 3.0;
			};
			name = Debug;
		};
		51E075F11D99C4EF0078218C /* Release */ = {
			isa = XCBuildConfiguration;
			baseConfigurationReference = 69A16945775916250325C4BE /* Pods-ExtensionApp.release.xcconfig */;
			buildSettings = {
				ALWAYS_EMBED_SWIFT_STANDARD_LIBRARIES = YES;
				ASSETCATALOG_COMPILER_APPICON_NAME = AppIcon;
				CODE_SIGN_ENTITLEMENTS = ExtensionApp/ExtensionApp.entitlements;
				DEVELOPMENT_TEAM = "";
				INFOPLIST_FILE = ExtensionApp/Info.plist;
				LD_RUNPATH_SEARCH_PATHS = "$(inherited) @executable_path/Frameworks";
				PRODUCT_BUNDLE_IDENTIFIER = Stanera.ExtensionApp;
				PRODUCT_NAME = "$(TARGET_NAME)";
				SWIFT_VERSION = 3.0;
			};
			name = Release;
		};
		51E075F31D99C4EF0078218C /* Debug */ = {
			isa = XCBuildConfiguration;
			buildSettings = {
				ALWAYS_EMBED_SWIFT_STANDARD_LIBRARIES = YES;
				BUNDLE_LOADER = "$(TEST_HOST)";
				DEVELOPMENT_TEAM = "";
				INFOPLIST_FILE = ExtensionAppTests/Info.plist;
				LD_RUNPATH_SEARCH_PATHS = "$(inherited) @executable_path/Frameworks @loader_path/Frameworks";
				PRODUCT_BUNDLE_IDENTIFIER = Stanera.ExtensionAppTests;
				PRODUCT_NAME = "$(TARGET_NAME)";
				SWIFT_VERSION = 3.0;
				TEST_HOST = "$(BUILT_PRODUCTS_DIR)/ExtensionApp.app/ExtensionApp";
			};
			name = Debug;
		};
		51E075F41D99C4EF0078218C /* Release */ = {
			isa = XCBuildConfiguration;
			buildSettings = {
				ALWAYS_EMBED_SWIFT_STANDARD_LIBRARIES = YES;
				BUNDLE_LOADER = "$(TEST_HOST)";
				DEVELOPMENT_TEAM = "";
				INFOPLIST_FILE = ExtensionAppTests/Info.plist;
				LD_RUNPATH_SEARCH_PATHS = "$(inherited) @executable_path/Frameworks @loader_path/Frameworks";
				PRODUCT_BUNDLE_IDENTIFIER = Stanera.ExtensionAppTests;
				PRODUCT_NAME = "$(TARGET_NAME)";
				SWIFT_VERSION = 3.0;
				TEST_HOST = "$(BUILT_PRODUCTS_DIR)/ExtensionApp.app/ExtensionApp";
			};
			name = Release;
		};
		51E075F61D99C4EF0078218C /* Debug */ = {
			isa = XCBuildConfiguration;
			buildSettings = {
				ALWAYS_EMBED_SWIFT_STANDARD_LIBRARIES = YES;
				DEVELOPMENT_TEAM = "";
				INFOPLIST_FILE = ExtensionAppUITests/Info.plist;
				LD_RUNPATH_SEARCH_PATHS = "$(inherited) @executable_path/Frameworks @loader_path/Frameworks";
				PRODUCT_BUNDLE_IDENTIFIER = Stanera.ExtensionAppUITests;
				PRODUCT_NAME = "$(TARGET_NAME)";
				SWIFT_VERSION = 3.0;
				TEST_TARGET_NAME = ExtensionApp;
			};
			name = Debug;
		};
		51E075F71D99C4EF0078218C /* Release */ = {
			isa = XCBuildConfiguration;
			buildSettings = {
				ALWAYS_EMBED_SWIFT_STANDARD_LIBRARIES = YES;
				DEVELOPMENT_TEAM = "";
				INFOPLIST_FILE = ExtensionAppUITests/Info.plist;
				LD_RUNPATH_SEARCH_PATHS = "$(inherited) @executable_path/Frameworks @loader_path/Frameworks";
				PRODUCT_BUNDLE_IDENTIFIER = Stanera.ExtensionAppUITests;
				PRODUCT_NAME = "$(TARGET_NAME)";
				SWIFT_VERSION = 3.0;
				TEST_TARGET_NAME = ExtensionApp;
			};
			name = Release;
		};
		51E076081D99C5290078218C /* Debug */ = {
			isa = XCBuildConfiguration;
			baseConfigurationReference = 5F883AF17F90F7AA267D24A3 /* Pods-PubNubShareExtension.debug.xcconfig */;
			buildSettings = {
				ALWAYS_EMBED_SWIFT_STANDARD_LIBRARIES = YES;
				CODE_SIGN_ENTITLEMENTS = PubNubShareExtension/PubNubShareExtension.entitlements;
				DEVELOPMENT_TEAM = "";
				INFOPLIST_FILE = PubNubShareExtension/Info.plist;
				LD_RUNPATH_SEARCH_PATHS = "$(inherited) @executable_path/Frameworks @executable_path/../../Frameworks";
				OTHER_LDFLAGS = (
					"-framework",
					"\"PubNub\"",
				);
				PRODUCT_BUNDLE_IDENTIFIER = Stanera.ExtensionApp.PubNubShareExtension;
				PRODUCT_NAME = "$(TARGET_NAME)";
				SKIP_INSTALL = YES;
				SWIFT_VERSION = 3.0;
			};
			name = Debug;
		};
		51E076091D99C5290078218C /* Release */ = {
			isa = XCBuildConfiguration;
			baseConfigurationReference = 23A607B1637B1A7AD6F72DDE /* Pods-PubNubShareExtension.release.xcconfig */;
			buildSettings = {
				ALWAYS_EMBED_SWIFT_STANDARD_LIBRARIES = YES;
				CODE_SIGN_ENTITLEMENTS = PubNubShareExtension/PubNubShareExtension.entitlements;
				DEVELOPMENT_TEAM = "";
				INFOPLIST_FILE = PubNubShareExtension/Info.plist;
				LD_RUNPATH_SEARCH_PATHS = "$(inherited) @executable_path/Frameworks @executable_path/../../Frameworks";
				OTHER_LDFLAGS = (
					"-framework",
					"\"PubNub\"",
				);
				PRODUCT_BUNDLE_IDENTIFIER = Stanera.ExtensionApp.PubNubShareExtension;
				PRODUCT_NAME = "$(TARGET_NAME)";
				SKIP_INSTALL = YES;
				SWIFT_VERSION = 3.0;
			};
			name = Release;
		};
/* End XCBuildConfiguration section */

/* Begin XCConfigurationList section */
		513FD8F41E424B8400ADEC31 /* Build configuration list for PBXNativeTarget "PubNubWatchExtension Extension" */ = {
			isa = XCConfigurationList;
			buildConfigurations = (
				513FD8F21E424B8400ADEC31 /* Debug */,
				513FD8F31E424B8400ADEC31 /* Release */,
			);
			defaultConfigurationIsVisible = 0;
			defaultConfigurationName = Release;
		};
		513FD8F61E424B8400ADEC31 /* Build configuration list for PBXNativeTarget "PubNubWatchExtension" */ = {
			isa = XCConfigurationList;
			buildConfigurations = (
				513FD8F01E424B8400ADEC31 /* Debug */,
				513FD8F11E424B8400ADEC31 /* Release */,
			);
			defaultConfigurationIsVisible = 0;
			defaultConfigurationName = Release;
		};
		51E075BF1D99C4EF0078218C /* Build configuration list for PBXProject "ExtensionApp" */ = {
			isa = XCConfigurationList;
			buildConfigurations = (
				51E075ED1D99C4EF0078218C /* Debug */,
				51E075EE1D99C4EF0078218C /* Release */,
			);
			defaultConfigurationIsVisible = 0;
			defaultConfigurationName = Release;
		};
		51E075EF1D99C4EF0078218C /* Build configuration list for PBXNativeTarget "ExtensionApp" */ = {
			isa = XCConfigurationList;
			buildConfigurations = (
				51E075F01D99C4EF0078218C /* Debug */,
				51E075F11D99C4EF0078218C /* Release */,
			);
			defaultConfigurationIsVisible = 0;
			defaultConfigurationName = Release;
		};
		51E075F21D99C4EF0078218C /* Build configuration list for PBXNativeTarget "ExtensionAppTests" */ = {
			isa = XCConfigurationList;
			buildConfigurations = (
				51E075F31D99C4EF0078218C /* Debug */,
				51E075F41D99C4EF0078218C /* Release */,
			);
			defaultConfigurationIsVisible = 0;
			defaultConfigurationName = Release;
		};
		51E075F51D99C4EF0078218C /* Build configuration list for PBXNativeTarget "ExtensionAppUITests" */ = {
			isa = XCConfigurationList;
			buildConfigurations = (
				51E075F61D99C4EF0078218C /* Debug */,
				51E075F71D99C4EF0078218C /* Release */,
			);
			defaultConfigurationIsVisible = 0;
			defaultConfigurationName = Release;
		};
		51E076071D99C5290078218C /* Build configuration list for PBXNativeTarget "PubNubShareExtension" */ = {
			isa = XCConfigurationList;
			buildConfigurations = (
				51E076081D99C5290078218C /* Debug */,
				51E076091D99C5290078218C /* Release */,
			);
			defaultConfigurationIsVisible = 0;
			defaultConfigurationName = Release;
		};
/* End XCConfigurationList section */

/* Begin XCVersionGroup section */
		51E075CE1D99C4EF0078218C /* ExtensionApp.xcdatamodeld */ = {
			isa = XCVersionGroup;
			children = (
				51E075CF1D99C4EF0078218C /* ExtensionApp.xcdatamodel */,
			);
			currentVersion = 51E075CF1D99C4EF0078218C /* ExtensionApp.xcdatamodel */;
			path = ExtensionApp.xcdatamodeld;
			sourceTree = "<group>";
			versionGroupType = wrapper.xcdatamodel;
		};
/* End XCVersionGroup section */
	};
	rootObject = 51E075BC1D99C4EF0078218C /* Project object */;
}
